
Microsoft Visual Studio Solution File, Format Version 12.00
# Visual Studio Version 16
VisualStudioVersion = 16.0.29230.47
MinimumVisualStudioVersion = 10.0.40219.1
Project("{FAE04EC0-301F-11D3-BF4B-00C04F79EFBC}") = "TMS_ap_dg_js_sm", "TMS_ap_dg_js_sm.csproj", "{913905CB-A664-4B76-B2C3-8C34681FBEE0}"
EndProject
Global
	GlobalSection(SolutionConfigurationPlatforms) = preSolution
		Debug|Any CPU = Debug|Any CPU
		Release|Any CPU = Release|Any CPU
	EndGlobalSection
	GlobalSection(ProjectConfigurationPlatforms) = postSolution
		{913905CB-A664-4B76-B2C3-8C34681FBEE0}.Debug|Any CPU.ActiveCfg = Debug|Any CPU
		{913905CB-A664-4B76-B2C3-8C34681FBEE0}.Debug|Any CPU.Build.0 = Debug|Any CPU
		{913905CB-A664-4B76-B2C3-8C34681FBEE0}.Release|Any CPU.ActiveCfg = Release|Any CPU
		{913905CB-A664-4B76-B2C3-8C34681FBEE0}.Release|Any CPU.Build.0 = Release|Any CPU
	EndGlobalSection
	GlobalSection(SolutionProperties) = preSolution
		HideSolutionNode = FALSE
	EndGlobalSection
	GlobalSection(ExtensibilityGlobals) = postSolution
		SolutionGuid = {F97376A5-6044-483E-8771-6732A5A283A2}
	EndGlobalSection
EndGlobal
